
Microsoft Visual Studio Solution File, Format Version 12.00
# Visual Studio Version 17
VisualStudioVersion = 17.8.34309.116
MinimumVisualStudioVersion = 10.0.40219.1
Project("{9A19103F-16F7-4668-BE54-9A1E7A4F7556}") = "StatTrackScript", "StatTrackScript.csproj", "{7EAAB874-FAB8-445B-97E1-730663AA2134}"
EndProject
Project("{54435603-DBB4-11D2-8724-00A0C9A8B90C}") = "ScriptInstaller", "..\ScriptInstaller\ScriptInstaller.vdproj", "{AFDF50C4-5059-4694-BEB3-806F2C03F428}"
EndProject
Global
	GlobalSection(SolutionConfigurationPlatforms) = preSolution
		Debug|Any CPU = Debug|Any CPU
		Release|Any CPU = Release|Any CPU
	EndGlobalSection
	GlobalSection(ProjectConfigurationPlatforms) = postSolution
		{7EAAB874-FAB8-445B-97E1-730663AA2134}.Debug|Any CPU.ActiveCfg = Debug|Any CPU
		{7EAAB874-FAB8-445B-97E1-730663AA2134}.Debug|Any CPU.Build.0 = Debug|Any CPU
		{7EAAB874-FAB8-445B-97E1-730663AA2134}.Release|Any CPU.ActiveCfg = Release|Any CPU
		{7EAAB874-FAB8-445B-97E1-730663AA2134}.Release|Any CPU.Build.0 = Release|Any CPU
		{AFDF50C4-5059-4694-BEB3-806F2C03F428}.Debug|Any CPU.ActiveCfg = Debug
		{AFDF50C4-5059-4694-BEB3-806F2C03F428}.Release|Any CPU.ActiveCfg = Release
	EndGlobalSection
	GlobalSection(SolutionProperties) = preSolution
		HideSolutionNode = FALSE
	EndGlobalSection
EndGlobal
